// !$*UTF8*$!
{
	archiveVersion = 1;
	classes = {
	};
	objectVersion = 46;
	objects = {

/* Begin PBXBuildFile section */
		1324EA3A1D2491C300EB0306 /* AppDelegate.swift in Sources */ = {isa = PBXBuildFile; fileRef = 1324EA391D2491C300EB0306 /* AppDelegate.swift */; };
		1324EA3C1D2491C300EB0306 /* ViewController.swift in Sources */ = {isa = PBXBuildFile; fileRef = 1324EA3B1D2491C300EB0306 /* ViewController.swift */; };
		1324EA3F1D2491C300EB0306 /* Main.storyboard in Resources */ = {isa = PBXBuildFile; fileRef = 1324EA3D1D2491C300EB0306 /* Main.storyboard */; };
		1324EA411D2491C300EB0306 /* Assets.xcassets in Resources */ = {isa = PBXBuildFile; fileRef = 1324EA401D2491C300EB0306 /* Assets.xcassets */; };
		1324EA441D2491C300EB0306 /* LaunchScreen.storyboard in Resources */ = {isa = PBXBuildFile; fileRef = 1324EA421D2491C300EB0306 /* LaunchScreen.storyboard */; };
		1324EA4F1D2491C300EB0306 /* RandomNumberTests.swift in Sources */ = {isa = PBXBuildFile; fileRef = 1324EA4E1D2491C300EB0306 /* RandomNumberTests.swift */; };
		1324EA5A1D2491C300EB0306 /* RandomNumberUITests.swift in Sources */ = {isa = PBXBuildFile; fileRef = 1324EA591D2491C300EB0306 /* RandomNumberUITests.swift */; };
		135D844A1D27000F0054A25B /* button1.png in Resources */ = {isa = PBXBuildFile; fileRef = 135D84491D27000F0054A25B /* button1.png */; };
/* End PBXBuildFile section */

/* Begin PBXContainerItemProxy section */
		1324EA4B1D2491C300EB0306 /* PBXContainerItemProxy */ = {
			isa = PBXContainerItemProxy;
			containerPortal = 1324EA2E1D2491C300EB0306 /* Project object */;
			proxyType = 1;
			remoteGlobalIDString = 1324EA351D2491C300EB0306;
			remoteInfo = RandomNumber;
		};
		1324EA561D2491C300EB0306 /* PBXContainerItemProxy */ = {
			isa = PBXContainerItemProxy;
			containerPortal = 1324EA2E1D2491C300EB0306 /* Project object */;
			proxyType = 1;
			remoteGlobalIDString = 1324EA351D2491C300EB0306;
			remoteInfo = RandomNumber;
		};
/* End PBXContainerItemProxy section */

/* Begin PBXFileReference section */
		1324EA361D2491C300EB0306 /* Rand.app */ = {isa = PBXFileReference; explicitFileType = wrapper.application; includeInIndex = 0; path = Rand.app; sourceTree = BUILT_PRODUCTS_DIR; };
		1324EA391D2491C300EB0306 /* AppDelegate.swift */ = {isa = PBXFileReference; lastKnownFileType = sourcecode.swift; path = AppDelegate.swift; sourceTree = "<group>"; };
		1324EA3B1D2491C300EB0306 /* ViewController.swift */ = {isa = PBXFileReference; lastKnownFileType = sourcecode.swift; path = ViewController.swift; sourceTree = "<group>"; };
		1324EA3E1D2491C300EB0306 /* Base */ = {isa = PBXFileReference; lastKnownFileType = file.storyboard; name = Base; path = Base.lproj/Main.storyboard; sourceTree = "<group>"; };
		1324EA401D2491C300EB0306 /* Assets.xcassets */ = {isa = PBXFileReference; lastKnownFileType = folder.assetcatalog; path = Assets.xcassets; sourceTree = "<group>"; };
		1324EA431D2491C300EB0306 /* Base */ = {isa = PBXFileReference; lastKnownFileType = file.storyboard; name = Base; path = Base.lproj/LaunchScreen.storyboard; sourceTree = "<group>"; };
		1324EA451D2491C300EB0306 /* Info.plist */ = {isa = PBXFileReference; lastKnownFileType = text.plist.xml; path = Info.plist; sourceTree = "<group>"; };
		1324EA4A1D2491C300EB0306 /* Rand.xctest */ = {isa = PBXFileReference; explicitFileType = wrapper.cfbundle; includeInIndex = 0; path = Rand.xctest; sourceTree = BUILT_PRODUCTS_DIR; };
		1324EA4E1D2491C300EB0306 /* RandomNumberTests.swift */ = {isa = PBXFileReference; lastKnownFileType = sourcecode.swift; path = RandomNumberTests.swift; sourceTree = "<group>"; };
		1324EA501D2491C300EB0306 /* Info.plist */ = {isa = PBXFileReference; lastKnownFileType = text.plist.xml; path = Info.plist; sourceTree = "<group>"; };
		1324EA551D2491C300EB0306 /* Rand.xctest */ = {isa = PBXFileReference; explicitFileType = wrapper.cfbundle; includeInIndex = 0; path = Rand.xctest; sourceTree = BUILT_PRODUCTS_DIR; };
		1324EA591D2491C300EB0306 /* RandomNumberUITests.swift */ = {isa = PBXFileReference; lastKnownFileType = sourcecode.swift; path = RandomNumberUITests.swift; sourceTree = "<group>"; };
		1324EA5B1D2491C300EB0306 /* Info.plist */ = {isa = PBXFileReference; lastKnownFileType = text.plist.xml; path = Info.plist; sourceTree = "<group>"; };
		135D84491D27000F0054A25B /* button1.png */ = {isa = PBXFileReference; lastKnownFileType = image.png; path = button1.png; sourceTree = SOURCE_ROOT; };
/* End PBXFileReference section */

/* Begin PBXFrameworksBuildPhase section */
		1324EA331D2491C300EB0306 /* Frameworks */ = {
			isa = PBXFrameworksBuildPhase;
			buildActionMask = 2147483647;
			files = (
			);
			runOnlyForDeploymentPostprocessing = 0;
		};
		1324EA471D2491C300EB0306 /* Frameworks */ = {
			isa = PBXFrameworksBuildPhase;
			buildActionMask = 2147483647;
			files = (
			);
			runOnlyForDeploymentPostprocessing = 0;
		};
		1324EA521D2491C300EB0306 /* Frameworks */ = {
			isa = PBXFrameworksBuildPhase;
			buildActionMask = 2147483647;
			files = (
			);
			runOnlyForDeploymentPostprocessing = 0;
		};
/* End PBXFrameworksBuildPhase section */

/* Begin PBXGroup section */
		1324EA2D1D2491C300EB0306 = {
			isa = PBXGroup;
			children = (
				1324EA381D2491C300EB0306 /* RandomNumber */,
				1324EA4D1D2491C300EB0306 /* RandomNumberTests */,
				1324EA581D2491C300EB0306 /* RandomNumberUITests */,
				1324EA371D2491C300EB0306 /* Products */,
			);
			sourceTree = "<group>";
		};
		1324EA371D2491C300EB0306 /* Products */ = {
			isa = PBXGroup;
			children = (
				1324EA361D2491C300EB0306 /* Rand.app */,
				1324EA4A1D2491C300EB0306 /* Rand.xctest */,
				1324EA551D2491C300EB0306 /* Rand.xctest */,
			);
			name = Products;
			sourceTree = "<group>";
		};
		1324EA381D2491C300EB0306 /* RandomNumber */ = {
			isa = PBXGroup;
			children = (
				1324EA391D2491C300EB0306 /* AppDelegate.swift */,
				1324EA3B1D2491C300EB0306 /* ViewController.swift */,
				135D84491D27000F0054A25B /* button1.png */,
				1324EA3D1D2491C300EB0306 /* Main.storyboard */,
				1324EA401D2491C300EB0306 /* Assets.xcassets */,
				1324EA421D2491C300EB0306 /* LaunchScreen.storyboard */,
				1324EA451D2491C300EB0306 /* Info.plist */,
			);
			path = RandomNumber;
			sourceTree = "<group>";
		};
		1324EA4D1D2491C300EB0306 /* RandomNumberTests */ = {
			isa = PBXGroup;
			children = (
				1324EA4E1D2491C300EB0306 /* RandomNumberTests.swift */,
				1324EA501D2491C300EB0306 /* Info.plist */,
			);
			path = RandomNumberTests;
			sourceTree = "<group>";
		};
		1324EA581D2491C300EB0306 /* RandomNumberUITests */ = {
			isa = PBXGroup;
			children = (
				1324EA591D2491C300EB0306 /* RandomNumberUITests.swift */,
				1324EA5B1D2491C300EB0306 /* Info.plist */,
			);
			path = RandomNumberUITests;
			sourceTree = "<group>";
		};
/* End PBXGroup section */

/* Begin PBXNativeTarget section */
		1324EA351D2491C300EB0306 /* Rand */ = {
			isa = PBXNativeTarget;
			buildConfigurationList = 1324EA5E1D2491C300EB0306 /* Build configuration list for PBXNativeTarget "Rand" */;
			buildPhases = (
				1324EA321D2491C300EB0306 /* Sources */,
				1324EA331D2491C300EB0306 /* Frameworks */,
				1324EA341D2491C300EB0306 /* Resources */,
			);
			buildRules = (
			);
			dependencies = (
			);
			name = Rand;
			productName = RandomNumber;
			productReference = 1324EA361D2491C300EB0306 /* Rand.app */;
			productType = "com.apple.product-type.application";
		};
		1324EA491D2491C300EB0306 /* RandTests */ = {
			isa = PBXNativeTarget;
			buildConfigurationList = 1324EA611D2491C300EB0306 /* Build configuration list for PBXNativeTarget "RandTests" */;
			buildPhases = (
				1324EA461D2491C300EB0306 /* Sources */,
				1324EA471D2491C300EB0306 /* Frameworks */,
				1324EA481D2491C300EB0306 /* Resources */,
			);
			buildRules = (
			);
			dependencies = (
				1324EA4C1D2491C300EB0306 /* PBXTargetDependency */,
			);
			name = RandTests;
			productName = RandomNumberTests;
			productReference = 1324EA4A1D2491C300EB0306 /* Rand.xctest */;
			productType = "com.apple.product-type.bundle.unit-test";
		};
		1324EA541D2491C300EB0306 /* RandUITests */ = {
			isa = PBXNativeTarget;
			buildConfigurationList = 1324EA641D2491C300EB0306 /* Build configuration list for PBXNativeTarget "RandUITests" */;
			buildPhases = (
				1324EA511D2491C300EB0306 /* Sources */,
				1324EA521D2491C300EB0306 /* Frameworks */,
				1324EA531D2491C300EB0306 /* Resources */,
			);
			buildRules = (
			);
			dependencies = (
				1324EA571D2491C300EB0306 /* PBXTargetDependency */,
			);
			name = RandUITests;
			productName = RandomNumberUITests;
			productReference = 1324EA551D2491C300EB0306 /* Rand.xctest */;
			productType = "com.apple.product-type.bundle.ui-testing";
		};
/* End PBXNativeTarget section */

/* Begin PBXProject section */
		1324EA2E1D2491C300EB0306 /* Project object */ = {
			isa = PBXProject;
			attributes = {
				LastSwiftUpdateCheck = 0730;
				LastUpgradeCheck = 1110;
				ORGANIZATIONNAME = "Miltos Katifedenios";
				TargetAttributes = {
					1324EA351D2491C300EB0306 = {
						CreatedOnToolsVersion = 7.3.1;
						DevelopmentTeam = ENWPA6MJCF;
					};
					1324EA491D2491C300EB0306 = {
						CreatedOnToolsVersion = 7.3.1;
						DevelopmentTeam = ENWPA6MJCF;
						TestTargetID = 1324EA351D2491C300EB0306;
					};
					1324EA541D2491C300EB0306 = {
						CreatedOnToolsVersion = 7.3.1;
						DevelopmentTeam = ENWPA6MJCF;
						TestTargetID = 1324EA351D2491C300EB0306;
					};
				};
			};
			buildConfigurationList = 1324EA311D2491C300EB0306 /* Build configuration list for PBXProject "Rand" */;
			compatibilityVersion = "Xcode 3.2";
			developmentRegion = en;
			hasScannedForEncodings = 0;
			knownRegions = (
				en,
				Base,
			);
			mainGroup = 1324EA2D1D2491C300EB0306;
			productRefGroup = 1324EA371D2491C300EB0306 /* Products */;
			projectDirPath = "";
			projectRoot = "";
			targets = (
				1324EA351D2491C300EB0306 /* Rand */,
				1324EA491D2491C300EB0306 /* RandTests */,
				1324EA541D2491C300EB0306 /* RandUITests */,
			);
		};
/* End PBXProject section */

/* Begin PBXResourcesBuildPhase section */
		1324EA341D2491C300EB0306 /* Resources */ = {
			isa = PBXResourcesBuildPhase;
			buildActionMask = 2147483647;
			files = (
				1324EA441D2491C300EB0306 /* LaunchScreen.storyboard in Resources */,
				1324EA411D2491C300EB0306 /* Assets.xcassets in Resources */,
				1324EA3F1D2491C300EB0306 /* Main.storyboard in Resources */,
				135D844A1D27000F0054A25B /* button1.png in Resources */,
			);
			runOnlyForDeploymentPostprocessing = 0;
		};
		1324EA481D2491C300EB0306 /* Resources */ = {
			isa = PBXResourcesBuildPhase;
			buildActionMask = 2147483647;
			files = (
			);
			runOnlyForDeploymentPostprocessing = 0;
		};
		1324EA531D2491C300EB0306 /* Resources */ = {
			isa = PBXResourcesBuildPhase;
			buildActionMask = 2147483647;
			files = (
			);
			runOnlyForDeploymentPostprocessing = 0;
		};
/* End PBXResourcesBuildPhase section */

/* Begin PBXSourcesBuildPhase section */
		1324EA321D2491C300EB0306 /* Sources */ = {
			isa = PBXSourcesBuildPhase;
			buildActionMask = 2147483647;
			files = (
				1324EA3C1D2491C300EB0306 /* ViewController.swift in Sources */,
				1324EA3A1D2491C300EB0306 /* AppDelegate.swift in Sources */,
			);
			runOnlyForDeploymentPostprocessing = 0;
		};
		1324EA461D2491C300EB0306 /* Sources */ = {
			isa = PBXSourcesBuildPhase;
			buildActionMask = 2147483647;
			files = (
				1324EA4F1D2491C300EB0306 /* RandomNumberTests.swift in Sources */,
			);
			runOnlyForDeploymentPostprocessing = 0;
		};
		1324EA511D2491C300EB0306 /* Sources */ = {
			isa = PBXSourcesBuildPhase;
			buildActionMask = 2147483647;
			files = (
				1324EA5A1D2491C300EB0306 /* RandomNumberUITests.swift in Sources */,
			);
			runOnlyForDeploymentPostprocessing = 0;
		};
/* End PBXSourcesBuildPhase section */

/* Begin PBXTargetDependency section */
		1324EA4C1D2491C300EB0306 /* PBXTargetDependency */ = {
			isa = PBXTargetDependency;
			target = 1324EA351D2491C300EB0306 /* Rand */;
			targetProxy = 1324EA4B1D2491C300EB0306 /* PBXContainerItemProxy */;
		};
		1324EA571D2491C300EB0306 /* PBXTargetDependency */ = {
			isa = PBXTargetDependency;
			target = 1324EA351D2491C300EB0306 /* Rand */;
			targetProxy = 1324EA561D2491C300EB0306 /* PBXContainerItemProxy */;
		};
/* End PBXTargetDependency section */

/* Begin PBXVariantGroup section */
		1324EA3D1D2491C300EB0306 /* Main.storyboard */ = {
			isa = PBXVariantGroup;
			children = (
				1324EA3E1D2491C300EB0306 /* Base */,
			);
			name = Main.storyboard;
			sourceTree = "<group>";
		};
		1324EA421D2491C300EB0306 /* LaunchScreen.storyboard */ = {
			isa = PBXVariantGroup;
			children = (
				1324EA431D2491C300EB0306 /* Base */,
			);
			name = LaunchScreen.storyboard;
			sourceTree = "<group>";
		};
/* End PBXVariantGroup section */

/* Begin XCBuildConfiguration section */
		1324EA5C1D2491C300EB0306 /* Debug */ = {
			isa = XCBuildConfiguration;
			buildSettings = {
				ALWAYS_SEARCH_USER_PATHS = NO;
				CLANG_ANALYZER_LOCALIZABILITY_NONLOCALIZED = YES;
				CLANG_ANALYZER_NONNULL = YES;
				CLANG_CXX_LANGUAGE_STANDARD = "gnu++0x";
				CLANG_CXX_LIBRARY = "libc++";
				CLANG_ENABLE_MODULES = YES;
				CLANG_ENABLE_OBJC_ARC = YES;
				CLANG_WARN_BLOCK_CAPTURE_AUTORELEASING = YES;
				CLANG_WARN_BOOL_CONVERSION = YES;
				CLANG_WARN_COMMA = YES;
				CLANG_WARN_CONSTANT_CONVERSION = YES;
				CLANG_WARN_DEPRECATED_OBJC_IMPLEMENTATIONS = YES;
				CLANG_WARN_DIRECT_OBJC_ISA_USAGE = YES_ERROR;
				CLANG_WARN_EMPTY_BODY = YES;
				CLANG_WARN_ENUM_CONVERSION = YES;
				CLANG_WARN_INFINITE_RECURSION = YES;
				CLANG_WARN_INT_CONVERSION = YES;
				CLANG_WARN_NON_LITERAL_NULL_CONVERSION = YES;
				CLANG_WARN_OBJC_IMPLICIT_RETAIN_SELF = YES;
				CLANG_WARN_OBJC_LITERAL_CONVERSION = YES;
				CLANG_WARN_OBJC_ROOT_CLASS = YES_ERROR;
				CLANG_WARN_RANGE_LOOP_ANALYSIS = YES;
				CLANG_WARN_STRICT_PROTOTYPES = YES;
				CLANG_WARN_SUSPICIOUS_MOVE = YES;
				CLANG_WARN_UNREACHABLE_CODE = YES;
				CLANG_WARN__DUPLICATE_METHOD_MATCH = YES;
				"CODE_SIGN_IDENTITY[sdk=iphoneos*]" = "iPhone Developer";
				COPY_PHASE_STRIP = NO;
				DEBUG_INFORMATION_FORMAT = dwarf;
				ENABLE_STRICT_OBJC_MSGSEND = YES;
				ENABLE_TESTABILITY = YES;
				GCC_C_LANGUAGE_STANDARD = gnu99;
				GCC_DYNAMIC_NO_PIC = NO;
				GCC_NO_COMMON_BLOCKS = YES;
				GCC_OPTIMIZATION_LEVEL = 0;
				GCC_PREPROCESSOR_DEFINITIONS = (
					"DEBUG=1",
					"$(inherited)",
				);
				GCC_WARN_64_TO_32_BIT_CONVERSION = YES;
				GCC_WARN_ABOUT_RETURN_TYPE = YES_ERROR;
				GCC_WARN_UNDECLARED_SELECTOR = YES;
				GCC_WARN_UNINITIALIZED_AUTOS = YES_AGGRESSIVE;
				GCC_WARN_UNUSED_FUNCTION = YES;
				GCC_WARN_UNUSED_VARIABLE = YES;
				IPHONEOS_DEPLOYMENT_TARGET = 13.1;
				MTL_ENABLE_DEBUG_INFO = YES;
				ONLY_ACTIVE_ARCH = YES;
				SDKROOT = iphoneos;
				SWIFT_OPTIMIZATION_LEVEL = "-Onone";
				SWIFT_VERSION = 5.0;
			};
			name = Debug;
		};
		1324EA5D1D2491C300EB0306 /* Release */ = {
			isa = XCBuildConfiguration;
			buildSettings = {
				ALWAYS_SEARCH_USER_PATHS = NO;
				CLANG_ANALYZER_LOCALIZABILITY_NONLOCALIZED = YES;
				CLANG_ANALYZER_NONNULL = YES;
				CLANG_CXX_LANGUAGE_STANDARD = "gnu++0x";
				CLANG_CXX_LIBRARY = "libc++";
				CLANG_ENABLE_MODULES = YES;
				CLANG_ENABLE_OBJC_ARC = YES;
				CLANG_WARN_BLOCK_CAPTURE_AUTORELEASING = YES;
				CLANG_WARN_BOOL_CONVERSION = YES;
				CLANG_WARN_COMMA = YES;
				CLANG_WARN_CONSTANT_CONVERSION = YES;
				CLANG_WARN_DEPRECATED_OBJC_IMPLEMENTATIONS = YES;
				CLANG_WARN_DIRECT_OBJC_ISA_USAGE = YES_ERROR;
				CLANG_WARN_EMPTY_BODY = YES;
				CLANG_WARN_ENUM_CONVERSION = YES;
				CLANG_WARN_INFINITE_RECURSION = YES;
				CLANG_WARN_INT_CONVERSION = YES;
				CLANG_WARN_NON_LITERAL_NULL_CONVERSION = YES;
				CLANG_WARN_OBJC_IMPLICIT_RETAIN_SELF = YES;
				CLANG_WARN_OBJC_LITERAL_CONVERSION = YES;
				CLANG_WARN_OBJC_ROOT_CLASS = YES_ERROR;
				CLANG_WARN_RANGE_LOOP_ANALYSIS = YES;
				CLANG_WARN_STRICT_PROTOTYPES = YES;
				CLANG_WARN_SUSPICIOUS_MOVE = YES;
				CLANG_WARN_UNREACHABLE_CODE = YES;
				CLANG_WARN__DUPLICATE_METHOD_MATCH = YES;
				"CODE_SIGN_IDENTITY[sdk=iphoneos*]" = "iPhone Developer";
				COPY_PHASE_STRIP = NO;
				DEBUG_INFORMATION_FORMAT = "dwarf-with-dsym";
				ENABLE_NS_ASSERTIONS = NO;
				ENABLE_STRICT_OBJC_MSGSEND = YES;
				GCC_C_LANGUAGE_STANDARD = gnu99;
				GCC_NO_COMMON_BLOCKS = YES;
				GCC_WARN_64_TO_32_BIT_CONVERSION = YES;
				GCC_WARN_ABOUT_RETURN_TYPE = YES_ERROR;
				GCC_WARN_UNDECLARED_SELECTOR = YES;
				GCC_WARN_UNINITIALIZED_AUTOS = YES_AGGRESSIVE;
				GCC_WARN_UNUSED_FUNCTION = YES;
				GCC_WARN_UNUSED_VARIABLE = YES;
				IPHONEOS_DEPLOYMENT_TARGET = 13.1;
				MTL_ENABLE_DEBUG_INFO = NO;
				SDKROOT = iphoneos;
				SWIFT_COMPILATION_MODE = wholemodule;
				SWIFT_VERSION = 5.0;
				VALIDATE_PRODUCT = YES;
			};
			name = Release;
		};
		1324EA5F1D2491C300EB0306 /* Debug */ = {
			isa = XCBuildConfiguration;
			buildSettings = {
				ASSETCATALOG_COMPILER_APPICON_NAME = AppIcon;
				CODE_SIGN_IDENTITY = "iPhone Developer";
				"CODE_SIGN_IDENTITY[sdk=iphoneos*]" = "iPhone Developer";
				INFOPLIST_FILE = RandomNumber/Info.plist;
				IPHONEOS_DEPLOYMENT_TARGET = 9.0;
				LD_RUNPATH_SEARCH_PATHS = "$(inherited) @executable_path/Frameworks";
				PRODUCT_BUNDLE_IDENTIFIER = miltoskat.RandomNumber;
				PRODUCT_NAME = Rand;
				PROVISIONING_PROFILE = "";
			};
			name = Debug;
		};
		1324EA601D2491C300EB0306 /* Release */ = {
			isa = XCBuildConfiguration;
			buildSettings = {
				ASSETCATALOG_COMPILER_APPICON_NAME = AppIcon;
				CODE_SIGN_IDENTITY = "iPhone Developer";
				"CODE_SIGN_IDENTITY[sdk=iphoneos*]" = "iPhone Developer";
				INFOPLIST_FILE = RandomNumber/Info.plist;
				IPHONEOS_DEPLOYMENT_TARGET = 9.0;
				LD_RUNPATH_SEARCH_PATHS = "$(inherited) @executable_path/Frameworks";
				PRODUCT_BUNDLE_IDENTIFIER = miltoskat.RandomNumber;
				PRODUCT_NAME = Rand;
				PROVISIONING_PROFILE = "";
			};
			name = Release;
		};
		1324EA621D2491C300EB0306 /* Debug */ = {
			isa = XCBuildConfiguration;
			buildSettings = {
				BUNDLE_LOADER = "$(TEST_HOST)";
				INFOPLIST_FILE = RandomNumberTests/Info.plist;
				LD_RUNPATH_SEARCH_PATHS = "$(inherited) @executable_path/Frameworks @loader_path/Frameworks";
				PRODUCT_BUNDLE_IDENTIFIER = "G-Tech.RandomNumberTests";
				PRODUCT_NAME = Rand;
				TEST_HOST = "$(BUILT_PRODUCTS_DIR)/Rand.app/Rand";
			};
			name = Debug;
		};
		1324EA631D2491C300EB0306 /* Release */ = {
			isa = XCBuildConfiguration;
			buildSettings = {
				BUNDLE_LOADER = "$(TEST_HOST)";
				INFOPLIST_FILE = RandomNumberTests/Info.plist;
				LD_RUNPATH_SEARCH_PATHS = "$(inherited) @executable_path/Frameworks @loader_path/Frameworks";
				PRODUCT_BUNDLE_IDENTIFIER = "G-Tech.RandomNumberTests";
				PRODUCT_NAME = Rand;
				TEST_HOST = "$(BUILT_PRODUCTS_DIR)/Rand.app/Rand";
			};
			name = Release;
		};
		1324EA651D2491C300EB0306 /* Debug */ = {
			isa = XCBuildConfiguration;
			buildSettings = {
				INFOPLIST_FILE = RandomNumberUITests/Info.plist;
				LD_RUNPATH_SEARCH_PATHS = "$(inherited) @executable_path/Frameworks @loader_path/Frameworks";
				PRODUCT_BUNDLE_IDENTIFIER = "G-Tech.RandomNumberUITests";
				PRODUCT_NAME = Rand;
				TEST_TARGET_NAME = RandomNumber;
			};
			name = Debug;
		};
		1324EA661D2491C300EB0306 /* Release */ = {
			isa = XCBuildConfiguration;
			buildSettings = {
				INFOPLIST_FILE = RandomNumberUITests/Info.plist;
				LD_RUNPATH_SEARCH_PATHS = "$(inherited) @executable_path/Frameworks @loader_path/Frameworks";
				PRODUCT_BUNDLE_IDENTIFIER = "G-Tech.RandomNumberUITests";
				PRODUCT_NAME = Rand;
				TEST_TARGET_NAME = RandomNumber;
			};
			name = Release;
		};
/* End XCBuildConfiguration section */

/* Begin XCConfigurationList section */
		1324EA311D2491C300EB0306 /* Build configuration list for PBXProject "Rand" */ = {
			isa = XCConfigurationList;
			buildConfigurations = (
				1324EA5C1D2491C300EB0306 /* Debug */,
				1324EA5D1D2491C300EB0306 /* Release */,
			);
			defaultConfigurationIsVisible = 0;
			defaultConfigurationName = Release;
		};
		1324EA5E1D2491C300EB0306 /* Build configuration list for PBXNativeTarget "Rand" */ = {
			isa = XCConfigurationList;
			buildConfigurations = (
				1324EA5F1D2491C300EB0306 /* Debug */,
				1324EA601D2491C300EB0306 /* Release */,
			);
			defaultConfigurationIsVisible = 0;
			defaultConfigurationName = Release;
		};
		1324EA611D2491C300EB0306 /* Build configuration list for PBXNativeTarget "RandTests" */ = {
			isa = XCConfigurationList;
			buildConfigurations = (
				1324EA621D2491C300EB0306 /* Debug */,
				1324EA631D2491C300EB0306 /* Release */,
			);
			defaultConfigurationIsVisible = 0;
			defaultConfigurationName = Release;
		};
		1324EA641D2491C300EB0306 /* Build configuration list for PBXNativeTarget "RandUITests" */ = {
			isa = XCConfigurationList;
			buildConfigurations = (
				1324EA651D2491C300EB0306 /* Debug */,
				1324EA661D2491C300EB0306 /* Release */,
			);
			defaultConfigurationIsVisible = 0;
			defaultConfigurationName = Release;
		};
/* End XCConfigurationList section */
	};
	rootObject = 1324EA2E1D2491C300EB0306 /* Project object */;
}
